
Microsoft Visual Studio Solution File, Format Version 11.00
# Visual Studio 2010
Project("{FAE04EC0-301F-11D3-BF4B-00C04F79EFBC}") = "FlipNumbers.Android.Sample", "FlipNumbers.Android.Sample.csproj", "{54205474-8DE9-489E-87AC-B15FA4FEC738}"
EndProject
Global
	GlobalSection(SolutionConfigurationPlatforms) = preSolution
		Debug|Any CPU = Debug|Any CPU
		Release|Any CPU = Release|Any CPU
	EndGlobalSection
	GlobalSection(ProjectConfigurationPlatforms) = postSolution
		{54205474-8DE9-489E-87AC-B15FA4FEC738}.Debug|Any CPU.ActiveCfg = Debug|Any CPU
		{54205474-8DE9-489E-87AC-B15FA4FEC738}.Debug|Any CPU.Build.0 = Debug|Any CPU
		{54205474-8DE9-489E-87AC-B15FA4FEC738}.Release|Any CPU.ActiveCfg = Release|Any CPU
		{54205474-8DE9-489E-87AC-B15FA4FEC738}.Release|Any CPU.Build.0 = Release|Any CPU
		{5ABE3F17-568E-4599-AEFA-EC68DB16503A}.Debug|Any CPU.ActiveCfg = Debug|Any CPU
		{5ABE3F17-568E-4599-AEFA-EC68DB16503A}.Debug|Any CPU.Build.0 = Debug|Any CPU
		{5ABE3F17-568E-4599-AEFA-EC68DB16503A}.Release|Any CPU.ActiveCfg = Release|Any CPU
		{5ABE3F17-568E-4599-AEFA-EC68DB16503A}.Release|Any CPU.Build.0 = Release|Any CPU
	EndGlobalSection
	GlobalSection(MonoDevelopProperties) = preSolution
		StartupItem = FlipNumbers.Android.Sample.csproj
	EndGlobalSection
EndGlobal
